
Microsoft Visual Studio Solution File, Format Version 12.00
# Visual Studio 15
VisualStudioVersion = 15.0.28010.2036
MinimumVisualStudioVersion = 10.0.40219.1
Project("{FAE04EC0-301F-11D3-BF4B-00C04F79EFBC}") = "Dnd Character Creator", "Dnd Character Creator\Dnd Character Creator.csproj", "{D2B6B275-1D58-4D6E-8051-90870B4DE8A2}"
EndProject
Global
	GlobalSection(SolutionConfigurationPlatforms) = preSolution
		Debug|Any CPU = Debug|Any CPU
		Release|Any CPU = Release|Any CPU
	EndGlobalSection
	GlobalSection(ProjectConfigurationPlatforms) = postSolution
		{D2B6B275-1D58-4D6E-8051-90870B4DE8A2}.Debug|Any CPU.ActiveCfg = Debug|Any CPU
		{D2B6B275-1D58-4D6E-8051-90870B4DE8A2}.Debug|Any CPU.Build.0 = Debug|Any CPU
		{D2B6B275-1D58-4D6E-8051-90870B4DE8A2}.Release|Any CPU.ActiveCfg = Release|Any CPU
		{D2B6B275-1D58-4D6E-8051-90870B4DE8A2}.Release|Any CPU.Build.0 = Release|Any CPU
	EndGlobalSection
	GlobalSection(SolutionProperties) = preSolution
		HideSolutionNode = FALSE
	EndGlobalSection
	GlobalSection(ExtensibilityGlobals) = postSolution
		SolutionGuid = {BE48FC38-8962-4591-99E6-3DACF3CC5A88}
	EndGlobalSection
EndGlobal
